// !$*UTF8*$!
{
	archiveVersion = 1;
	classes = {
	};
	objectVersion = 50;
	objects = {

/* Begin PBXBuildFile section */
		83803E0E26A7688E0044DEA6 /* AppDelegate.swift in Sources */ = {isa = PBXBuildFile; fileRef = 83803E0D26A7688E0044DEA6 /* AppDelegate.swift */; };
		83803E1026A7688E0044DEA6 /* SceneDelegate.swift in Sources */ = {isa = PBXBuildFile; fileRef = 83803E0F26A7688E0044DEA6 /* SceneDelegate.swift */; };
		83803E1226A7688E0044DEA6 /* ViewController.swift in Sources */ = {isa = PBXBuildFile; fileRef = 83803E1126A7688E0044DEA6 /* ViewController.swift */; };
		83803E1526A7688E0044DEA6 /* Main.storyboard in Resources */ = {isa = PBXBuildFile; fileRef = 83803E1326A7688E0044DEA6 /* Main.storyboard */; };
		83803E1826A7688E0044DEA6 /* Final_Project.xcdatamodeld in Sources */ = {isa = PBXBuildFile; fileRef = 83803E1626A7688E0044DEA6 /* Final_Project.xcdatamodeld */; };
		83803E1A26A768930044DEA6 /* Assets.xcassets in Resources */ = {isa = PBXBuildFile; fileRef = 83803E1926A768930044DEA6 /* Assets.xcassets */; };
		83803E1D26A768930044DEA6 /* LaunchScreen.storyboard in Resources */ = {isa = PBXBuildFile; fileRef = 83803E1B26A768930044DEA6 /* LaunchScreen.storyboard */; };
		83803E2826A768930044DEA6 /* Final_ProjectTests.swift in Sources */ = {isa = PBXBuildFile; fileRef = 83803E2726A768930044DEA6 /* Final_ProjectTests.swift */; };
		83803E3326A768930044DEA6 /* Final_ProjectUITests.swift in Sources */ = {isa = PBXBuildFile; fileRef = 83803E3226A768930044DEA6 /* Final_ProjectUITests.swift */; };
/* End PBXBuildFile section */

/* Begin PBXContainerItemProxy section */
		83803E2426A768930044DEA6 /* PBXContainerItemProxy */ = {
			isa = PBXContainerItemProxy;
			containerPortal = 83803E0226A7688E0044DEA6 /* Project object */;
			proxyType = 1;
			remoteGlobalIDString = 83803E0926A7688E0044DEA6;
			remoteInfo = "Final Project";
		};
		83803E2F26A768930044DEA6 /* PBXContainerItemProxy */ = {
			isa = PBXContainerItemProxy;
			containerPortal = 83803E0226A7688E0044DEA6 /* Project object */;
			proxyType = 1;
			remoteGlobalIDString = 83803E0926A7688E0044DEA6;
			remoteInfo = "Final Project";
		};
/* End PBXContainerItemProxy section */

/* Begin PBXFileReference section */
		83803E0A26A7688E0044DEA6 /* Final Project.app */ = {isa = PBXFileReference; explicitFileType = wrapper.application; includeInIndex = 0; path = "Final Project.app"; sourceTree = BUILT_PRODUCTS_DIR; };
		83803E0D26A7688E0044DEA6 /* AppDelegate.swift */ = {isa = PBXFileReference; lastKnownFileType = sourcecode.swift; path = AppDelegate.swift; sourceTree = "<group>"; };
		83803E0F26A7688E0044DEA6 /* SceneDelegate.swift */ = {isa = PBXFileReference; lastKnownFileType = sourcecode.swift; path = SceneDelegate.swift; sourceTree = "<group>"; };
		83803E1126A7688E0044DEA6 /* ViewController.swift */ = {isa = PBXFileReference; lastKnownFileType = sourcecode.swift; path = ViewController.swift; sourceTree = "<group>"; };
		83803E1426A7688E0044DEA6 /* Base */ = {isa = PBXFileReference; lastKnownFileType = file.storyboard; name = Base; path = Base.lproj/Main.storyboard; sourceTree = "<group>"; };
		83803E1726A7688E0044DEA6 /* Final_Project.xcdatamodel */ = {isa = PBXFileReference; lastKnownFileType = wrapper.xcdatamodel; path = Final_Project.xcdatamodel; sourceTree = "<group>"; };
		83803E1926A768930044DEA6 /* Assets.xcassets */ = {isa = PBXFileReference; lastKnownFileType = folder.assetcatalog; path = Assets.xcassets; sourceTree = "<group>"; };
		83803E1C26A768930044DEA6 /* Base */ = {isa = PBXFileReference; lastKnownFileType = file.storyboard; name = Base; path = Base.lproj/LaunchScreen.storyboard; sourceTree = "<group>"; };
		83803E1E26A768930044DEA6 /* Info.plist */ = {isa = PBXFileReference; lastKnownFileType = text.plist.xml; path = Info.plist; sourceTree = "<group>"; };
		83803E2326A768930044DEA6 /* Final ProjectTests.xctest */ = {isa = PBXFileReference; explicitFileType = wrapper.cfbundle; includeInIndex = 0; path = "Final ProjectTests.xctest"; sourceTree = BUILT_PRODUCTS_DIR; };
		83803E2726A768930044DEA6 /* Final_ProjectTests.swift */ = {isa = PBXFileReference; lastKnownFileType = sourcecode.swift; path = Final_ProjectTests.swift; sourceTree = "<group>"; };
		83803E2926A768930044DEA6 /* Info.plist */ = {isa = PBXFileReference; lastKnownFileType = text.plist.xml; path = Info.plist; sourceTree = "<group>"; };
		83803E2E26A768930044DEA6 /* Final ProjectUITests.xctest */ = {isa = PBXFileReference; explicitFileType = wrapper.cfbundle; includeInIndex = 0; path = "Final ProjectUITests.xctest"; sourceTree = BUILT_PRODUCTS_DIR; };
		83803E3226A768930044DEA6 /* Final_ProjectUITests.swift */ = {isa = PBXFileReference; lastKnownFileType = sourcecode.swift; path = Final_ProjectUITests.swift; sourceTree = "<group>"; };
		83803E3426A768930044DEA6 /* Info.plist */ = {isa = PBXFileReference; lastKnownFileType = text.plist.xml; path = Info.plist; sourceTree = "<group>"; };
/* End PBXFileReference section */

/* Begin PBXFrameworksBuildPhase section */
		83803E0726A7688E0044DEA6 /* Frameworks */ = {
			isa = PBXFrameworksBuildPhase;
			buildActionMask = 2147483647;
			files = (
			);
			runOnlyForDeploymentPostprocessing = 0;
		};
		83803E2026A768930044DEA6 /* Frameworks */ = {
			isa = PBXFrameworksBuildPhase;
			buildActionMask = 2147483647;
			files = (
			);
			runOnlyForDeploymentPostprocessing = 0;
		};
		83803E2B26A768930044DEA6 /* Frameworks */ = {
			isa = PBXFrameworksBuildPhase;
			buildActionMask = 2147483647;
			files = (
			);
			runOnlyForDeploymentPostprocessing = 0;
		};
/* End PBXFrameworksBuildPhase section */

/* Begin PBXGroup section */
		83803E0126A7688E0044DEA6 = {
			isa = PBXGroup;
			children = (
				83803E0C26A7688E0044DEA6 /* Final Project */,
				83803E2626A768930044DEA6 /* Final ProjectTests */,
				83803E3126A768930044DEA6 /* Final ProjectUITests */,
				83803E0B26A7688E0044DEA6 /* Products */,
			);
			sourceTree = "<group>";
		};
		83803E0B26A7688E0044DEA6 /* Products */ = {
			isa = PBXGroup;
			children = (
				83803E0A26A7688E0044DEA6 /* Final Project.app */,
				83803E2326A768930044DEA6 /* Final ProjectTests.xctest */,
				83803E2E26A768930044DEA6 /* Final ProjectUITests.xctest */,
			);
			name = Products;
			sourceTree = "<group>";
		};
		83803E0C26A7688E0044DEA6 /* Final Project */ = {
			isa = PBXGroup;
			children = (
				83803E0D26A7688E0044DEA6 /* AppDelegate.swift */,
				83803E0F26A7688E0044DEA6 /* SceneDelegate.swift */,
				83803E1126A7688E0044DEA6 /* ViewController.swift */,
				83803E1326A7688E0044DEA6 /* Main.storyboard */,
				83803E1926A768930044DEA6 /* Assets.xcassets */,
				83803E1B26A768930044DEA6 /* LaunchScreen.storyboard */,
				83803E1E26A768930044DEA6 /* Info.plist */,
				83803E1626A7688E0044DEA6 /* Final_Project.xcdatamodeld */,
			);
			path = "Final Project";
			sourceTree = "<group>";
		};
		83803E2626A768930044DEA6 /* Final ProjectTests */ = {
			isa = PBXGroup;
			children = (
				83803E2726A768930044DEA6 /* Final_ProjectTests.swift */,
				83803E2926A768930044DEA6 /* Info.plist */,
			);
			path = "Final ProjectTests";
			sourceTree = "<group>";
		};
		83803E3126A768930044DEA6 /* Final ProjectUITests */ = {
			isa = PBXGroup;
			children = (
				83803E3226A768930044DEA6 /* Final_ProjectUITests.swift */,
				83803E3426A768930044DEA6 /* Info.plist */,
			);
			path = "Final ProjectUITests";
			sourceTree = "<group>";
		};
/* End PBXGroup section */

/* Begin PBXNativeTarget section */
		83803E0926A7688E0044DEA6 /* Final Project */ = {
			isa = PBXNativeTarget;
			buildConfigurationList = 83803E3726A768930044DEA6 /* Build configuration list for PBXNativeTarget "Final Project" */;
			buildPhases = (
				83803E0626A7688E0044DEA6 /* Sources */,
				83803E0726A7688E0044DEA6 /* Frameworks */,
				83803E0826A7688E0044DEA6 /* Resources */,
			);
			buildRules = (
			);
			dependencies = (
			);
			name = "Final Project";
			productName = "Final Project";
			productReference = 83803E0A26A7688E0044DEA6 /* Final Project.app */;
			productType = "com.apple.product-type.application";
		};
		83803E2226A768930044DEA6 /* Final ProjectTests */ = {
			isa = PBXNativeTarget;
			buildConfigurationList = 83803E3A26A768930044DEA6 /* Build configuration list for PBXNativeTarget "Final ProjectTests" */;
			buildPhases = (
				83803E1F26A768930044DEA6 /* Sources */,
				83803E2026A768930044DEA6 /* Frameworks */,
				83803E2126A768930044DEA6 /* Resources */,
			);
			buildRules = (
			);
			dependencies = (
				83803E2526A768930044DEA6 /* PBXTargetDependency */,
			);
			name = "Final ProjectTests";
			productName = "Final ProjectTests";
			productReference = 83803E2326A768930044DEA6 /* Final ProjectTests.xctest */;
			productType = "com.apple.product-type.bundle.unit-test";
		};
		83803E2D26A768930044DEA6 /* Final ProjectUITests */ = {
			isa = PBXNativeTarget;
			buildConfigurationList = 83803E3D26A768930044DEA6 /* Build configuration list for PBXNativeTarget "Final ProjectUITests" */;
			buildPhases = (
				83803E2A26A768930044DEA6 /* Sources */,
				83803E2B26A768930044DEA6 /* Frameworks */,
				83803E2C26A768930044DEA6 /* Resources */,
			);
			buildRules = (
			);
			dependencies = (
				83803E3026A768930044DEA6 /* PBXTargetDependency */,
			);
			name = "Final ProjectUITests";
			productName = "Final ProjectUITests";
			productReference = 83803E2E26A768930044DEA6 /* Final ProjectUITests.xctest */;
			productType = "com.apple.product-type.bundle.ui-testing";
		};
/* End PBXNativeTarget section */

/* Begin PBXProject section */
		83803E0226A7688E0044DEA6 /* Project object */ = {
			isa = PBXProject;
			attributes = {
				LastSwiftUpdateCheck = 1240;
				LastUpgradeCheck = 1240;
				TargetAttributes = {
					83803E0926A7688E0044DEA6 = {
						CreatedOnToolsVersion = 12.4;
					};
					83803E2226A768930044DEA6 = {
						CreatedOnToolsVersion = 12.4;
						TestTargetID = 83803E0926A7688E0044DEA6;
					};
					83803E2D26A768930044DEA6 = {
						CreatedOnToolsVersion = 12.4;
						TestTargetID = 83803E0926A7688E0044DEA6;
					};
				};
			};
			buildConfigurationList = 83803E0526A7688E0044DEA6 /* Build configuration list for PBXProject "Final Project" */;
			compatibilityVersion = "Xcode 9.3";
			developmentRegion = en;
			hasScannedForEncodings = 0;
			knownRegions = (
				en,
				Base,
			);
			mainGroup = 83803E0126A7688E0044DEA6;
			productRefGroup = 83803E0B26A7688E0044DEA6 /* Products */;
			projectDirPath = "";
			projectRoot = "";
			targets = (
				83803E0926A7688E0044DEA6 /* Final Project */,
				83803E2226A768930044DEA6 /* Final ProjectTests */,
				83803E2D26A768930044DEA6 /* Final ProjectUITests */,
			);
		};
/* End PBXProject section */

/* Begin PBXResourcesBuildPhase section */
		83803E0826A7688E0044DEA6 /* Resources */ = {
			isa = PBXResourcesBuildPhase;
			buildActionMask = 2147483647;
			files = (
				83803E1D26A768930044DEA6 /* LaunchScreen.storyboard in Resources */,
				83803E1A26A768930044DEA6 /* Assets.xcassets in Resources */,
				83803E1526A7688E0044DEA6 /* Main.storyboard in Resources */,
			);
			runOnlyForDeploymentPostprocessing = 0;
		};
		83803E2126A768930044DEA6 /* Resources */ = {
			isa = PBXResourcesBuildPhase;
			buildActionMask = 2147483647;
			files = (
			);
			runOnlyForDeploymentPostprocessing = 0;
		};
		83803E2C26A768930044DEA6 /* Resources */ = {
			isa = PBXResourcesBuildPhase;
			buildActionMask = 2147483647;
			files = (
			);
			runOnlyForDeploymentPostprocessing = 0;
		};
/* End PBXResourcesBuildPhase section */

/* Begin PBXSourcesBuildPhase section */
		83803E0626A7688E0044DEA6 /* Sources */ = {
			isa = PBXSourcesBuildPhase;
			buildActionMask = 2147483647;
			files = (
				83803E1226A7688E0044DEA6 /* ViewController.swift in Sources */,
				83803E0E26A7688E0044DEA6 /* AppDelegate.swift in Sources */,
				83803E1826A7688E0044DEA6 /* Final_Project.xcdatamodeld in Sources */,
				83803E1026A7688E0044DEA6 /* SceneDelegate.swift in Sources */,
			);
			runOnlyForDeploymentPostprocessing = 0;
		};
		83803E1F26A768930044DEA6 /* Sources */ = {
			isa = PBXSourcesBuildPhase;
			buildActionMask = 2147483647;
			files = (
				83803E2826A768930044DEA6 /* Final_ProjectTests.swift in Sources */,
			);
			runOnlyForDeploymentPostprocessing = 0;
		};
		83803E2A26A768930044DEA6 /* Sources */ = {
			isa = PBXSourcesBuildPhase;
			buildActionMask = 2147483647;
			files = (
				83803E3326A768930044DEA6 /* Final_ProjectUITests.swift in Sources */,
			);
			runOnlyForDeploymentPostprocessing = 0;
		};
/* End PBXSourcesBuildPhase section */

/* Begin PBXTargetDependency section */
		83803E2526A768930044DEA6 /* PBXTargetDependency */ = {
			isa = PBXTargetDependency;
			target = 83803E0926A7688E0044DEA6 /* Final Project */;
			targetProxy = 83803E2426A768930044DEA6 /* PBXContainerItemProxy */;
		};
		83803E3026A768930044DEA6 /* PBXTargetDependency */ = {
			isa = PBXTargetDependency;
			target = 83803E0926A7688E0044DEA6 /* Final Project */;
			targetProxy = 83803E2F26A768930044DEA6 /* PBXContainerItemProxy */;
		};
/* End PBXTargetDependency section */

/* Begin PBXVariantGroup section */
		83803E1326A7688E0044DEA6 /* Main.storyboard */ = {
			isa = PBXVariantGroup;
			children = (
				83803E1426A7688E0044DEA6 /* Base */,
			);
			name = Main.storyboard;
			sourceTree = "<group>";
		};
		83803E1B26A768930044DEA6 /* LaunchScreen.storyboard */ = {
			isa = PBXVariantGroup;
			children = (
				83803E1C26A768930044DEA6 /* Base */,
			);
			name = LaunchScreen.storyboard;
			sourceTree = "<group>";
		};
/* End PBXVariantGroup section */

/* Begin XCBuildConfiguration section */
		83803E3526A768930044DEA6 /* Debug */ = {
			isa = XCBuildConfiguration;
			buildSettings = {
				ALWAYS_SEARCH_USER_PATHS = NO;
				CLANG_ANALYZER_NONNULL = YES;
				CLANG_ANALYZER_NUMBER_OBJECT_CONVERSION = YES_AGGRESSIVE;
				CLANG_CXX_LANGUAGE_STANDARD = "gnu++14";
				CLANG_CXX_LIBRARY = "libc++";
				CLANG_ENABLE_MODULES = YES;
				CLANG_ENABLE_OBJC_ARC = YES;
				CLANG_ENABLE_OBJC_WEAK = YES;
				CLANG_WARN_BLOCK_CAPTURE_AUTORELEASING = YES;
				CLANG_WARN_BOOL_CONVERSION = YES;
				CLANG_WARN_COMMA = YES;
				CLANG_WARN_CONSTANT_CONVERSION = YES;
				CLANG_WARN_DEPRECATED_OBJC_IMPLEMENTATIONS = YES;
				CLANG_WARN_DIRECT_OBJC_ISA_USAGE = YES_ERROR;
				CLANG_WARN_DOCUMENTATION_COMMENTS = YES;
				CLANG_WARN_EMPTY_BODY = YES;
				CLANG_WARN_ENUM_CONVERSION = YES;
				CLANG_WARN_INFINITE_RECURSION = YES;
				CLANG_WARN_INT_CONVERSION = YES;
				CLANG_WARN_NON_LITERAL_NULL_CONVERSION = YES;
				CLANG_WARN_OBJC_IMPLICIT_RETAIN_SELF = YES;
				CLANG_WARN_OBJC_LITERAL_CONVERSION = YES;
				CLANG_WARN_OBJC_ROOT_CLASS = YES_ERROR;
				CLANG_WARN_QUOTED_INCLUDE_IN_FRAMEWORK_HEADER = YES;
				CLANG_WARN_RANGE_LOOP_ANALYSIS = YES;
				CLANG_WARN_STRICT_PROTOTYPES = YES;
				CLANG_WARN_SUSPICIOUS_MOVE = YES;
				CLANG_WARN_UNGUARDED_AVAILABILITY = YES_AGGRESSIVE;
				CLANG_WARN_UNREACHABLE_CODE = YES;
				CLANG_WARN__DUPLICATE_METHOD_MATCH = YES;
				COPY_PHASE_STRIP = NO;
				DEBUG_INFORMATION_FORMAT = dwarf;
				ENABLE_STRICT_OBJC_MSGSEND = YES;
				ENABLE_TESTABILITY = YES;
				GCC_C_LANGUAGE_STANDARD = gnu11;
				GCC_DYNAMIC_NO_PIC = NO;
				GCC_NO_COMMON_BLOCKS = YES;
				GCC_OPTIMIZATION_LEVEL = 0;
				GCC_PREPROCESSOR_DEFINITIONS = (
					"DEBUG=1",
					"$(inherited)",
				);
				GCC_WARN_64_TO_32_BIT_CONVERSION = YES;
				GCC_WARN_ABOUT_RETURN_TYPE = YES_ERROR;
				GCC_WARN_UNDECLARED_SELECTOR = YES;
				GCC_WARN_UNINITIALIZED_AUTOS = YES_AGGRESSIVE;
				GCC_WARN_UNUSED_FUNCTION = YES;
				GCC_WARN_UNUSED_VARIABLE = YES;
				IPHONEOS_DEPLOYMENT_TARGET = 14.4;
				MTL_ENABLE_DEBUG_INFO = INCLUDE_SOURCE;
				MTL_FAST_MATH = YES;
				ONLY_ACTIVE_ARCH = YES;
				SDKROOT = iphoneos;
				SWIFT_ACTIVE_COMPILATION_CONDITIONS = DEBUG;
				SWIFT_OPTIMIZATION_LEVEL = "-Onone";
			};
			name = Debug;
		};
		83803E3626A768930044DEA6 /* Release */ = {
			isa = XCBuildConfiguration;
			buildSettings = {
				ALWAYS_SEARCH_USER_PATHS = NO;
				CLANG_ANALYZER_NONNULL = YES;
				CLANG_ANALYZER_NUMBER_OBJECT_CONVERSION = YES_AGGRESSIVE;
				CLANG_CXX_LANGUAGE_STANDARD = "gnu++14";
				CLANG_CXX_LIBRARY = "libc++";
				CLANG_ENABLE_MODULES = YES;
				CLANG_ENABLE_OBJC_ARC = YES;
				CLANG_ENABLE_OBJC_WEAK = YES;
				CLANG_WARN_BLOCK_CAPTURE_AUTORELEASING = YES;
				CLANG_WARN_BOOL_CONVERSION = YES;
				CLANG_WARN_COMMA = YES;
				CLANG_WARN_CONSTANT_CONVERSION = YES;
				CLANG_WARN_DEPRECATED_OBJC_IMPLEMENTATIONS = YES;
				CLANG_WARN_DIRECT_OBJC_ISA_USAGE = YES_ERROR;
				CLANG_WARN_DOCUMENTATION_COMMENTS = YES;
				CLANG_WARN_EMPTY_BODY = YES;
				CLANG_WARN_ENUM_CONVERSION = YES;
				CLANG_WARN_INFINITE_RECURSION = YES;
				CLANG_WARN_INT_CONVERSION = YES;
				CLANG_WARN_NON_LITERAL_NULL_CONVERSION = YES;
				CLANG_WARN_OBJC_IMPLICIT_RETAIN_SELF = YES;
				CLANG_WARN_OBJC_LITERAL_CONVERSION = YES;
				CLANG_WARN_OBJC_ROOT_CLASS = YES_ERROR;
				CLANG_WARN_QUOTED_INCLUDE_IN_FRAMEWORK_HEADER = YES;
				CLANG_WARN_RANGE_LOOP_ANALYSIS = YES;
				CLANG_WARN_STRICT_PROTOTYPES = YES;
				CLANG_WARN_SUSPICIOUS_MOVE = YES;
				CLANG_WARN_UNGUARDED_AVAILABILITY = YES_AGGRESSIVE;
				CLANG_WARN_UNREACHABLE_CODE = YES;
				CLANG_WARN__DUPLICATE_METHOD_MATCH = YES;
				COPY_PHASE_STRIP = NO;
				DEBUG_INFORMATION_FORMAT = "dwarf-with-dsym";
				ENABLE_NS_ASSERTIONS = NO;
				ENABLE_STRICT_OBJC_MSGSEND = YES;
				GCC_C_LANGUAGE_STANDARD = gnu11;
				GCC_NO_COMMON_BLOCKS = YES;
				GCC_WARN_64_TO_32_BIT_CONVERSION = YES;
				GCC_WARN_ABOUT_RETURN_TYPE = YES_ERROR;
				GCC_WARN_UNDECLARED_SELECTOR = YES;
				GCC_WARN_UNINITIALIZED_AUTOS = YES_AGGRESSIVE;
				GCC_WARN_UNUSED_FUNCTION = YES;
				GCC_WARN_UNUSED_VARIABLE = YES;
				IPHONEOS_DEPLOYMENT_TARGET = 14.4;
				MTL_ENABLE_DEBUG_INFO = NO;
				MTL_FAST_MATH = YES;
				SDKROOT = iphoneos;
				SWIFT_COMPILATION_MODE = wholemodule;
				SWIFT_OPTIMIZATION_LEVEL = "-O";
				VALIDATE_PRODUCT = YES;
			};
			name = Release;
		};
		83803E3826A768930044DEA6 /* Debug */ = {
			isa = XCBuildConfiguration;
			buildSettings = {
				ASSETCATALOG_COMPILER_APPICON_NAME = AppIcon;
				ASSETCATALOG_COMPILER_GLOBAL_ACCENT_COLOR_NAME = AccentColor;
				CODE_SIGN_STYLE = Automatic;
				INFOPLIST_FILE = "Final Project/Info.plist";
				LD_RUNPATH_SEARCH_PATHS = (
					"$(inherited)",
					"@executable_path/Frameworks",
				);
				PRODUCT_BUNDLE_IDENTIFIER = "Nusayba-KWK.Final-Project";
				PRODUCT_NAME = "$(TARGET_NAME)";
				SWIFT_VERSION = 5.0;
				TARGETED_DEVICE_FAMILY = "1,2";
			};
			name = Debug;
		};
		83803E3926A768930044DEA6 /* Release */ = {
			isa = XCBuildConfiguration;
			buildSettings = {
				ASSETCATALOG_COMPILER_APPICON_NAME = AppIcon;
				ASSETCATALOG_COMPILER_GLOBAL_ACCENT_COLOR_NAME = AccentColor;
				CODE_SIGN_STYLE = Automatic;
				INFOPLIST_FILE = "Final Project/Info.plist";
				LD_RUNPATH_SEARCH_PATHS = (
					"$(inherited)",
					"@executable_path/Frameworks",
				);
				PRODUCT_BUNDLE_IDENTIFIER = "Nusayba-KWK.Final-Project";
				PRODUCT_NAME = "$(TARGET_NAME)";
				SWIFT_VERSION = 5.0;
				TARGETED_DEVICE_FAMILY = "1,2";
			};
			name = Release;
		};
		83803E3B26A768930044DEA6 /* Debug */ = {
			isa = XCBuildConfiguration;
			buildSettings = {
				ALWAYS_EMBED_SWIFT_STANDARD_LIBRARIES = YES;
				BUNDLE_LOADER = "$(TEST_HOST)";
				CODE_SIGN_STYLE = Automatic;
				INFOPLIST_FILE = "Final ProjectTests/Info.plist";
				IPHONEOS_DEPLOYMENT_TARGET = 14.4;
				LD_RUNPATH_SEARCH_PATHS = (
					"$(inherited)",
					"@executable_path/Frameworks",
					"@loader_path/Frameworks",
				);
				PRODUCT_BUNDLE_IDENTIFIER = "Nusayba-KWK.Final-ProjectTests";
				PRODUCT_NAME = "$(TARGET_NAME)";
				SWIFT_VERSION = 5.0;
				TARGETED_DEVICE_FAMILY = "1,2";
				TEST_HOST = "$(BUILT_PRODUCTS_DIR)/Final Project.app/Final Project";
			};
			name = Debug;
		};
		83803E3C26A768930044DEA6 /* Release */ = {
			isa = XCBuildConfiguration;
			buildSettings = {
				ALWAYS_EMBED_SWIFT_STANDARD_LIBRARIES = YES;
				BUNDLE_LOADER = "$(TEST_HOST)";
				CODE_SIGN_STYLE = Automatic;
				INFOPLIST_FILE = "Final ProjectTests/Info.plist";
				IPHONEOS_DEPLOYMENT_TARGET = 14.4;
				LD_RUNPATH_SEARCH_PATHS = (
					"$(inherited)",
					"@executable_path/Frameworks",
					"@loader_path/Frameworks",
				);
				PRODUCT_BUNDLE_IDENTIFIER = "Nusayba-KWK.Final-ProjectTests";
				PRODUCT_NAME = "$(TARGET_NAME)";
				SWIFT_VERSION = 5.0;
				TARGETED_DEVICE_FAMILY = "1,2";
				TEST_HOST = "$(BUILT_PRODUCTS_DIR)/Final Project.app/Final Project";
			};
			name = Release;
		};
		83803E3E26A768930044DEA6 /* Debug */ = {
			isa = XCBuildConfiguration;
			buildSettings = {
				ALWAYS_EMBED_SWIFT_STANDARD_LIBRARIES = YES;
				CODE_SIGN_STYLE = Automatic;
				INFOPLIST_FILE = "Final ProjectUITests/Info.plist";
				LD_RUNPATH_SEARCH_PATHS = (
					"$(inherited)",
					"@executable_path/Frameworks",
					"@loader_path/Frameworks",
				);
				PRODUCT_BUNDLE_IDENTIFIER = "Nusayba-KWK.Final-ProjectUITests";
				PRODUCT_NAME = "$(TARGET_NAME)";
				SWIFT_VERSION = 5.0;
				TARGETED_DEVICE_FAMILY = "1,2";
				TEST_TARGET_NAME = "Final Project";
			};
			name = Debug;
		};
		83803E3F26A768930044DEA6 /* Release */ = {
			isa = XCBuildConfiguration;
			buildSettings = {
				ALWAYS_EMBED_SWIFT_STANDARD_LIBRARIES = YES;
				CODE_SIGN_STYLE = Automatic;
				INFOPLIST_FILE = "Final ProjectUITests/Info.plist";
				LD_RUNPATH_SEARCH_PATHS = (
					"$(inherited)",
					"@executable_path/Frameworks",
					"@loader_path/Frameworks",
				);
				PRODUCT_BUNDLE_IDENTIFIER = "Nusayba-KWK.Final-ProjectUITests";
				PRODUCT_NAME = "$(TARGET_NAME)";
				SWIFT_VERSION = 5.0;
				TARGETED_DEVICE_FAMILY = "1,2";
				TEST_TARGET_NAME = "Final Project";
			};
			name = Release;
		};
/* End XCBuildConfiguration section */

/* Begin XCConfigurationList section */
		83803E0526A7688E0044DEA6 /* Build configuration list for PBXProject "Final Project" */ = {
			isa = XCConfigurationList;
			buildConfigurations = (
				83803E3526A768930044DEA6 /* Debug */,
				83803E3626A768930044DEA6 /* Release */,
			);
			defaultConfigurationIsVisible = 0;
			defaultConfigurationName = Release;
		};
		83803E3726A768930044DEA6 /* Build configuration list for PBXNativeTarget "Final Project" */ = {
			isa = XCConfigurationList;
			buildConfigurations = (
				83803E3826A768930044DEA6 /* Debug */,
				83803E3926A768930044DEA6 /* Release */,
			);
			defaultConfigurationIsVisible = 0;
			defaultConfigurationName = Release;
		};
		83803E3A26A768930044DEA6 /* Build configuration list for PBXNativeTarget "Final ProjectTests" */ = {
			isa = XCConfigurationList;
			buildConfigurations = (
				83803E3B26A768930044DEA6 /* Debug */,
				83803E3C26A768930044DEA6 /* Release */,
			);
			defaultConfigurationIsVisible = 0;
			defaultConfigurationName = Release;
		};
		83803E3D26A768930044DEA6 /* Build configuration list for PBXNativeTarget "Final ProjectUITests" */ = {
			isa = XCConfigurationList;
			buildConfigurations = (
				83803E3E26A768930044DEA6 /* Debug */,
				83803E3F26A768930044DEA6 /* Release */,
			);
			defaultConfigurationIsVisible = 0;
			defaultConfigurationName = Release;
		};
/* End XCConfigurationList section */

/* Begin XCVersionGroup section */
		83803E1626A7688E0044DEA6 /* Final_Project.xcdatamodeld */ = {
			isa = XCVersionGroup;
			children = (
				83803E1726A7688E0044DEA6 /* Final_Project.xcdatamodel */,
			);
			currentVersion = 83803E1726A7688E0044DEA6 /* Final_Project.xcdatamodel */;
			path = Final_Project.xcdatamodeld;
			sourceTree = "<group>";
			versionGroupType = wrapper.xcdatamodel;
		};
/* End XCVersionGroup section */
	};
	rootObject = 83803E0226A7688E0044DEA6 /* Project object */;
}
